
Microsoft Visual Studio Solution File, Format Version 12.00
# Visual Studio Version 17
VisualStudioVersion = 17.6.33829.357
MinimumVisualStudioVersion = 10.0.40219.1
Project("{FAE04EC0-301F-11D3-BF4B-00C04F79EFBC}") = "ISpanAir.FrontEnd.Site", "ISpanAir.FrontEnd.Site\ISpanAir.FrontEnd.Site.csproj", "{C3FC9C0E-9F4E-4296-B4ED-D608EB25AD6F}"
EndProject
Project("{2150E333-8FDC-42A3-9474-1A3956D46DE8}") = "01表現層", "01表現層", "{42E20B30-2270-4C08-A478-EF2535A0D93C}"
EndProject
Project("{2150E333-8FDC-42A3-9474-1A3956D46DE8}") = "02商業邏輯層", "02商業邏輯層", "{74D6E7EB-1623-497B-A6B2-FF4B8DE6881F}"
EndProject
Project("{FAE04EC0-301F-11D3-BF4B-00C04F79EFBC}") = "ISpanAir.BLL", "ISpanAir.BLL\ISpanAir.BLL.csproj", "{B66A6A3C-B9B7-4C57-80EB-7E7230672C91}"
EndProject
Project("{FAE04EC0-301F-11D3-BF4B-00C04F79EFBC}") = "ISpanAir.IDAL", "ISpanAir.IDAL\ISpanAir.IDAL.csproj", "{1FE03161-1D17-4591-97ED-EE182A96C579}"
EndProject
Project("{2150E333-8FDC-42A3-9474-1A3956D46DE8}") = "03資料存取層", "03資料存取層", "{9A8F092B-D8FE-4C46-93DA-7DEE4BE5119A}"
	ProjectSection(SolutionItems) = preProject
		Class1.cs = Class1.cs
	EndProjectSection
EndProject
Project("{FAE04EC0-301F-11D3-BF4B-00C04F79EFBC}") = "ISpanAir.DAL.ADO", "ISpanAir.DAL.ADO\ISpanAir.DAL.ADO.csproj", "{33A4870C-16D1-4192-AAB1-79853CFCA3D2}"
EndProject
Project("{FAE04EC0-301F-11D3-BF4B-00C04F79EFBC}") = "ISpanAir.DAL.EF", "ISpanAir.DAL.EF\ISpanAir.DAL.EF.csproj", "{AD98F5D2-4FDC-4DEA-BFC0-4C9787E19B9E}"
EndProject
Project("{FAE04EC0-301F-11D3-BF4B-00C04F79EFBC}") = "ISpanAir.DAL.Dapper", "ISpanAir.DAL.Dapper\ISpanAir.DAL.Dapper.csproj", "{ED04B426-F7C7-44EE-8329-0E37C56DD68D}"
EndProject
Project("{2150E333-8FDC-42A3-9474-1A3956D46DE8}") = "04基礎建設", "04基礎建設", "{D77E6557-8A9D-42A6-B444-8E877518AC00}"
EndProject
Project("{FAE04EC0-301F-11D3-BF4B-00C04F79EFBC}") = "ISpanAir.Entities", "ISpanAir.Entities\ISpanAir.Entities.csproj", "{F88C7CA6-1BD0-4400-81B8-86CF041932E5}"
EndProject
Project("{FAE04EC0-301F-11D3-BF4B-00C04F79EFBC}") = "ISpanAir.Dtos", "ISpanAir.Dtos\ISpanAir.Dtos.csproj", "{B8D7609B-8A5C-427B-AEDB-F7AD6717273E}"
EndProject
Project("{FAE04EC0-301F-11D3-BF4B-00C04F79EFBC}") = "ISpanAir.Utilities", "ISpanAir.Utilities\ISpanAir.Utilities.csproj", "{5C874729-F0EC-49F0-9C68-81480DF2EF1B}"
EndProject
Global
	GlobalSection(SolutionConfigurationPlatforms) = preSolution
		Debug|Any CPU = Debug|Any CPU
		Release|Any CPU = Release|Any CPU
	EndGlobalSection
	GlobalSection(ProjectConfigurationPlatforms) = postSolution
		{C3FC9C0E-9F4E-4296-B4ED-D608EB25AD6F}.Debug|Any CPU.ActiveCfg = Debug|Any CPU
		{C3FC9C0E-9F4E-4296-B4ED-D608EB25AD6F}.Debug|Any CPU.Build.0 = Debug|Any CPU
		{C3FC9C0E-9F4E-4296-B4ED-D608EB25AD6F}.Release|Any CPU.ActiveCfg = Release|Any CPU
		{C3FC9C0E-9F4E-4296-B4ED-D608EB25AD6F}.Release|Any CPU.Build.0 = Release|Any CPU
		{B66A6A3C-B9B7-4C57-80EB-7E7230672C91}.Debug|Any CPU.ActiveCfg = Debug|Any CPU
		{B66A6A3C-B9B7-4C57-80EB-7E7230672C91}.Debug|Any CPU.Build.0 = Debug|Any CPU
		{B66A6A3C-B9B7-4C57-80EB-7E7230672C91}.Release|Any CPU.ActiveCfg = Release|Any CPU
		{B66A6A3C-B9B7-4C57-80EB-7E7230672C91}.Release|Any CPU.Build.0 = Release|Any CPU
		{1FE03161-1D17-4591-97ED-EE182A96C579}.Debug|Any CPU.ActiveCfg = Debug|Any CPU
		{1FE03161-1D17-4591-97ED-EE182A96C579}.Debug|Any CPU.Build.0 = Debug|Any CPU
		{1FE03161-1D17-4591-97ED-EE182A96C579}.Release|Any CPU.ActiveCfg = Release|Any CPU
		{1FE03161-1D17-4591-97ED-EE182A96C579}.Release|Any CPU.Build.0 = Release|Any CPU
		{33A4870C-16D1-4192-AAB1-79853CFCA3D2}.Debug|Any CPU.ActiveCfg = Debug|Any CPU
		{33A4870C-16D1-4192-AAB1-79853CFCA3D2}.Debug|Any CPU.Build.0 = Debug|Any CPU
		{33A4870C-16D1-4192-AAB1-79853CFCA3D2}.Release|Any CPU.ActiveCfg = Release|Any CPU
		{33A4870C-16D1-4192-AAB1-79853CFCA3D2}.Release|Any CPU.Build.0 = Release|Any CPU
		{AD98F5D2-4FDC-4DEA-BFC0-4C9787E19B9E}.Debug|Any CPU.ActiveCfg = Debug|Any CPU
		{AD98F5D2-4FDC-4DEA-BFC0-4C9787E19B9E}.Debug|Any CPU.Build.0 = Debug|Any CPU
		{AD98F5D2-4FDC-4DEA-BFC0-4C9787E19B9E}.Release|Any CPU.ActiveCfg = Release|Any CPU
		{AD98F5D2-4FDC-4DEA-BFC0-4C9787E19B9E}.Release|Any CPU.Build.0 = Release|Any CPU
		{ED04B426-F7C7-44EE-8329-0E37C56DD68D}.Debug|Any CPU.ActiveCfg = Debug|Any CPU
		{ED04B426-F7C7-44EE-8329-0E37C56DD68D}.Debug|Any CPU.Build.0 = Debug|Any CPU
		{ED04B426-F7C7-44EE-8329-0E37C56DD68D}.Release|Any CPU.ActiveCfg = Release|Any CPU
		{ED04B426-F7C7-44EE-8329-0E37C56DD68D}.Release|Any CPU.Build.0 = Release|Any CPU
		{F88C7CA6-1BD0-4400-81B8-86CF041932E5}.Debug|Any CPU.ActiveCfg = Debug|Any CPU
		{F88C7CA6-1BD0-4400-81B8-86CF041932E5}.Debug|Any CPU.Build.0 = Debug|Any CPU
		{F88C7CA6-1BD0-4400-81B8-86CF041932E5}.Release|Any CPU.ActiveCfg = Release|Any CPU
		{F88C7CA6-1BD0-4400-81B8-86CF041932E5}.Release|Any CPU.Build.0 = Release|Any CPU
		{B8D7609B-8A5C-427B-AEDB-F7AD6717273E}.Debug|Any CPU.ActiveCfg = Debug|Any CPU
		{B8D7609B-8A5C-427B-AEDB-F7AD6717273E}.Debug|Any CPU.Build.0 = Debug|Any CPU
		{B8D7609B-8A5C-427B-AEDB-F7AD6717273E}.Release|Any CPU.ActiveCfg = Release|Any CPU
		{B8D7609B-8A5C-427B-AEDB-F7AD6717273E}.Release|Any CPU.Build.0 = Release|Any CPU
		{5C874729-F0EC-49F0-9C68-81480DF2EF1B}.Debug|Any CPU.ActiveCfg = Debug|Any CPU
		{5C874729-F0EC-49F0-9C68-81480DF2EF1B}.Debug|Any CPU.Build.0 = Debug|Any CPU
		{5C874729-F0EC-49F0-9C68-81480DF2EF1B}.Release|Any CPU.ActiveCfg = Release|Any CPU
		{5C874729-F0EC-49F0-9C68-81480DF2EF1B}.Release|Any CPU.Build.0 = Release|Any CPU
	EndGlobalSection
	GlobalSection(SolutionProperties) = preSolution
		HideSolutionNode = FALSE
	EndGlobalSection
	GlobalSection(NestedProjects) = preSolution
		{C3FC9C0E-9F4E-4296-B4ED-D608EB25AD6F} = {42E20B30-2270-4C08-A478-EF2535A0D93C}
		{B66A6A3C-B9B7-4C57-80EB-7E7230672C91} = {74D6E7EB-1623-497B-A6B2-FF4B8DE6881F}
		{1FE03161-1D17-4591-97ED-EE182A96C579} = {74D6E7EB-1623-497B-A6B2-FF4B8DE6881F}
		{33A4870C-16D1-4192-AAB1-79853CFCA3D2} = {9A8F092B-D8FE-4C46-93DA-7DEE4BE5119A}
		{AD98F5D2-4FDC-4DEA-BFC0-4C9787E19B9E} = {9A8F092B-D8FE-4C46-93DA-7DEE4BE5119A}
		{ED04B426-F7C7-44EE-8329-0E37C56DD68D} = {9A8F092B-D8FE-4C46-93DA-7DEE4BE5119A}
		{F88C7CA6-1BD0-4400-81B8-86CF041932E5} = {D77E6557-8A9D-42A6-B444-8E877518AC00}
		{B8D7609B-8A5C-427B-AEDB-F7AD6717273E} = {D77E6557-8A9D-42A6-B444-8E877518AC00}
		{5C874729-F0EC-49F0-9C68-81480DF2EF1B} = {D77E6557-8A9D-42A6-B444-8E877518AC00}
	EndGlobalSection
	GlobalSection(ExtensibilityGlobals) = postSolution
		SolutionGuid = {D2F5E178-BB22-4698-A488-CAF7AE944CA1}
	EndGlobalSection
EndGlobal
